
Microsoft Visual Studio Solution File, Format Version 12.00
# Visual Studio Version 17
VisualStudioVersion = 17.9.34622.214
MinimumVisualStudioVersion = 10.0.40219.1
Project("{FAE04EC0-301F-11D3-BF4B-00C04F79EFBC}") = "Dropdoen2", "Dropdoen2\Dropdoen2.csproj", "{7DF52742-E169-4B64-BE82-4E2148D136BE}"
EndProject
Global
	GlobalSection(SolutionConfigurationPlatforms) = preSolution
		Debug|Any CPU = Debug|Any CPU
		Release|Any CPU = Release|Any CPU
	EndGlobalSection
	GlobalSection(ProjectConfigurationPlatforms) = postSolution
		{7DF52742-E169-4B64-BE82-4E2148D136BE}.Debug|Any CPU.ActiveCfg = Debug|Any CPU
		{7DF52742-E169-4B64-BE82-4E2148D136BE}.Debug|Any CPU.Build.0 = Debug|Any CPU
		{7DF52742-E169-4B64-BE82-4E2148D136BE}.Release|Any CPU.ActiveCfg = Release|Any CPU
		{7DF52742-E169-4B64-BE82-4E2148D136BE}.Release|Any CPU.Build.0 = Release|Any CPU
	EndGlobalSection
	GlobalSection(SolutionProperties) = preSolution
		HideSolutionNode = FALSE
	EndGlobalSection
	GlobalSection(ExtensibilityGlobals) = postSolution
		SolutionGuid = {C96806D1-C7EB-4AA4-A061-5228090F47C4}
	EndGlobalSection
EndGlobal
